
Microsoft Visual Studio Solution File, Format Version 12.00
# Visual Studio Version 16
VisualStudioVersion = 16.0.32228.343
MinimumVisualStudioVersion = 10.0.40219.1
Project("{9A19103F-16F7-4668-BE54-9A1E7A4F7556}") = "Examination.Data", "Examination.Data\Examination.Data.csproj", "{5FFD4083-3C5B-469E-BC20-3656FCE8976E}"
EndProject
Project("{9A19103F-16F7-4668-BE54-9A1E7A4F7556}") = "Examination.ConsoleUI", "Examination.ConsoleUI\Examination.ConsoleUI.csproj", "{106D7EC8-843C-4CC2-B50F-FFF80D5E0D95}"
EndProject
Project("{FAE04EC0-301F-11D3-BF4B-00C04F79EFBC}") = "Examination.WEB", "Examination.WEB\Examination.WEB.csproj", "{BCF06206-C308-47C7-A81D-5DDDE60C4386}"
EndProject
Global
	GlobalSection(SolutionConfigurationPlatforms) = preSolution
		Debug|Any CPU = Debug|Any CPU
		Release|Any CPU = Release|Any CPU
	EndGlobalSection
	GlobalSection(ProjectConfigurationPlatforms) = postSolution
		{5FFD4083-3C5B-469E-BC20-3656FCE8976E}.Debug|Any CPU.ActiveCfg = Debug|Any CPU
		{5FFD4083-3C5B-469E-BC20-3656FCE8976E}.Debug|Any CPU.Build.0 = Debug|Any CPU
		{5FFD4083-3C5B-469E-BC20-3656FCE8976E}.Release|Any CPU.ActiveCfg = Release|Any CPU
		{5FFD4083-3C5B-469E-BC20-3656FCE8976E}.Release|Any CPU.Build.0 = Release|Any CPU
		{106D7EC8-843C-4CC2-B50F-FFF80D5E0D95}.Debug|Any CPU.ActiveCfg = Debug|Any CPU
		{106D7EC8-843C-4CC2-B50F-FFF80D5E0D95}.Debug|Any CPU.Build.0 = Debug|Any CPU
		{106D7EC8-843C-4CC2-B50F-FFF80D5E0D95}.Release|Any CPU.ActiveCfg = Release|Any CPU
		{106D7EC8-843C-4CC2-B50F-FFF80D5E0D95}.Release|Any CPU.Build.0 = Release|Any CPU
		{BCF06206-C308-47C7-A81D-5DDDE60C4386}.Debug|Any CPU.ActiveCfg = Debug|Any CPU
		{BCF06206-C308-47C7-A81D-5DDDE60C4386}.Debug|Any CPU.Build.0 = Debug|Any CPU
		{BCF06206-C308-47C7-A81D-5DDDE60C4386}.Release|Any CPU.ActiveCfg = Release|Any CPU
		{BCF06206-C308-47C7-A81D-5DDDE60C4386}.Release|Any CPU.Build.0 = Release|Any CPU
	EndGlobalSection
	GlobalSection(SolutionProperties) = preSolution
		HideSolutionNode = FALSE
	EndGlobalSection
	GlobalSection(ExtensibilityGlobals) = postSolution
		SolutionGuid = {349486FC-412D-4D70-96C3-0CD444A29788}
	EndGlobalSection
EndGlobal
